{
  "name": "static",
  "version": "1.0.0",
  "lockfileVersion": 1,
  "requires": true,
  "dependencies": {
    "bootstrap": {
      "version": "4.5.3",
      "resolved": "https://registry.npmjs.org/bootstrap/-/bootstrap-4.5.3.tgz",
      "integrity": "sha512-o9ppKQioXGqhw8Z7mah6KdTYpNQY//tipnkxppWhPbiSWdD+1raYsnhwEZjkTHYbGee4cVQ0Rx65EhOY/HNLcQ=="
    },
    "canvas-renderer": {
      "version": "2.2.0",
      "resolved": "https://registry.npmjs.org/canvas-renderer/-/canvas-renderer-2.2.0.tgz",
      "integrity": "sha512-Itdq9pwXcs4IbbkRCXc7reeGBk6i6tlDtZTjE1yc+KvYkx1Mt3WLf6tidZ/Ixbm7Vmi+jpWKG0dRBor67x9yGw==",
      "requires": {
        "@types/node": "*"
      }
    },
    "font-awesome": {
      "version": "4.7.0",
      "resolved": "https://registry.npmjs.org/font-awesome/-/font-awesome-4.7.0.tgz",
      "integrity": "sha1-j6jPBBGhoxr9B7BtKQK7n8gVoTM="
    },
    "gentelella": {
      "version": "1.4.0",
      "resolved": "https://registry.npmjs.org/gentelella/-/gentelella-1.4.0.tgz",
      "integrity": "sha512-lp54+y6bwSLHF6KMstW2jD6oqV68vLMnFqMqATRp5a/8Tp52NYly7Q+5FZIMaNKATrb3EKx+BN/bKpaZ4BYLEw=="
    },
    "jdenticon": {
      "version": "3.1.0",
      "resolved": "https://registry.npmjs.org/jdenticon/-/jdenticon-3.1.0.tgz",
      "integrity": "sha512-shf4UwvviUnGKMQWa2AttLgmP7tOPrXQ56aJv2ARdY6hs1RyIdxe7QlQQg4lriGwCxe4nv1nmqOZZdJQxOU/IA==",
      "requires": {
        "canvas-renderer": "~2.2.0"
      }
    },
    "jquery": {
      "version": "3.5.1",
      "resolved": "https://registry.npmjs.org/jquery/-/jquery-3.5.1.tgz",
      "integrity": "sha512-XwIBPqcMn57FxfT+Go5pzySnm4KWkT1Tv7gjrpT1srtf8Weynl6R273VJ5GjkRb51IzMp5nbaPjJXMWeju2MKg=="
    },
    "mark.js": {
      "version": "8.11.1",
      "resolved": "https://registry.npmjs.org/mark.js/-/mark.js-8.11.1.tgz",
      "integrity": "sha1-GA8fnr74sOY45BZq1S24eb6y/8U="
    }
  }
}
