{
  "name": "static",
  "version": "1.0.0",
  "lockfileVersion": 1,
  "requires": true,
  "dependencies": {
    "bootstrap": {
      "version": "4.5.3",
      "resolved": "https://registry.npmjs.org/bootstrap/-/bootstrap-4.5.3.tgz",
      "integrity": "sha1-xqcrNVqvMjkgvoACRqbk7zCZf+Y="
    },
    "gentelella": {
      "version": "1.4.0",
      "resolved": "https://registry.npmjs.org/gentelella/-/gentelella-1.4.0.tgz",
      "integrity": "sha1-s9Ff2cQMbqR9x/NikMj4mu6V78U="
    },
    "magic-snowflakes": {
      "version": "4.1.6",
      "resolved": "https://registry.npmjs.org/magic-snowflakes/-/magic-snowflakes-4.1.6.tgz",
      "integrity": "sha512-W8WAi1uLbtV73j638JgmmrGwtv/uVvulPzOkg543ArFmC1WL3bW97HQVWXKqS388EM98Vi3dqI9t9rA4Vhi45A==",
      "dev": true
    }
  }
}
